
Microsoft Visual Studio Solution File, Format Version 12.00
# Visual Studio 15
VisualStudioVersion = 15.0.28010.2046
MinimumVisualStudioVersion = 10.0.40219.1
Project("{FAE04EC0-301F-11D3-BF4B-00C04F79EFBC}") = "Alpha.API", "Alpha.API\Alpha.API.csproj", "{3830754E-5038-4D45-8726-4624E4E73ACC}"
EndProject
Global
	GlobalSection(SolutionConfigurationPlatforms) = preSolution
		Debug|Any CPU = Debug|Any CPU
		Release|Any CPU = Release|Any CPU
	EndGlobalSection
	GlobalSection(ProjectConfigurationPlatforms) = postSolution
		{3830754E-5038-4D45-8726-4624E4E73ACC}.Debug|Any CPU.ActiveCfg = Debug|Any CPU
		{3830754E-5038-4D45-8726-4624E4E73ACC}.Debug|Any CPU.Build.0 = Debug|Any CPU
		{3830754E-5038-4D45-8726-4624E4E73ACC}.Release|Any CPU.ActiveCfg = Release|Any CPU
		{3830754E-5038-4D45-8726-4624E4E73ACC}.Release|Any CPU.Build.0 = Release|Any CPU
	EndGlobalSection
	GlobalSection(SolutionProperties) = preSolution
		HideSolutionNode = FALSE
	EndGlobalSection
	GlobalSection(ExtensibilityGlobals) = postSolution
		SolutionGuid = {382DBDF3-DA12-4520-A9BB-47B569247A58}
	EndGlobalSection
EndGlobal
